
Microsoft Visual Studio Solution File, Format Version 12.00
# Visual Studio Version 16
VisualStudioVersion = 16.0.31019.35
MinimumVisualStudioVersion = 10.0.40219.1
Project("{FAE04EC0-301F-11D3-BF4B-00C04F79EFBC}") = "ConsoleApp3", "ConsoleApp3\ConsoleApp3.csproj", "{FD24E7E4-6A9C-4916-A966-523F5387F8A2}"
EndProject
Global
	GlobalSection(SolutionConfigurationPlatforms) = preSolution
		Debug|Any CPU = Debug|Any CPU
		Release|Any CPU = Release|Any CPU
	EndGlobalSection
	GlobalSection(ProjectConfigurationPlatforms) = postSolution
		{FD24E7E4-6A9C-4916-A966-523F5387F8A2}.Debug|Any CPU.ActiveCfg = Debug|Any CPU
		{FD24E7E4-6A9C-4916-A966-523F5387F8A2}.Debug|Any CPU.Build.0 = Debug|Any CPU
		{FD24E7E4-6A9C-4916-A966-523F5387F8A2}.Release|Any CPU.ActiveCfg = Release|Any CPU
		{FD24E7E4-6A9C-4916-A966-523F5387F8A2}.Release|Any CPU.Build.0 = Release|Any CPU
	EndGlobalSection
	GlobalSection(SolutionProperties) = preSolution
		HideSolutionNode = FALSE
	EndGlobalSection
	GlobalSection(ExtensibilityGlobals) = postSolution
		SolutionGuid = {38DE57A2-FF69-4EDE-A2AD-1411146F58A1}
	EndGlobalSection
EndGlobal
